
Microsoft Visual Studio Solution File, Format Version 12.00
# Visual Studio Version 16
VisualStudioVersion = 16.0.30413.136
MinimumVisualStudioVersion = 10.0.40219.1
Project("{FAE04EC0-301F-11D3-BF4B-00C04F79EFBC}") = "ReadCsv", "ReadCsv\ReadCsv.csproj", "{8E3C8C8E-2A81-4258-AEDF-70A9D21AEAFD}"
EndProject
Global
	GlobalSection(SolutionConfigurationPlatforms) = preSolution
		Debug|Any CPU = Debug|Any CPU
		Release|Any CPU = Release|Any CPU
	EndGlobalSection
	GlobalSection(ProjectConfigurationPlatforms) = postSolution
		{8E3C8C8E-2A81-4258-AEDF-70A9D21AEAFD}.Debug|Any CPU.ActiveCfg = Debug|Any CPU
		{8E3C8C8E-2A81-4258-AEDF-70A9D21AEAFD}.Debug|Any CPU.Build.0 = Debug|Any CPU
		{8E3C8C8E-2A81-4258-AEDF-70A9D21AEAFD}.Release|Any CPU.ActiveCfg = Release|Any CPU
		{8E3C8C8E-2A81-4258-AEDF-70A9D21AEAFD}.Release|Any CPU.Build.0 = Release|Any CPU
	EndGlobalSection
	GlobalSection(SolutionProperties) = preSolution
		HideSolutionNode = FALSE
	EndGlobalSection
	GlobalSection(ExtensibilityGlobals) = postSolution
		SolutionGuid = {774E96DB-DCF2-407E-A40B-8326A18E03A5}
	EndGlobalSection
EndGlobal
